github.com/hugolgst/rich-go v0.0.0-20230917173849-4a4fb1d3c362 h1:Q8D2HP1l2mOoeRVLhHjDhK8MRb7LkjESWRtd2gbauws=
github.com/hugolgst/rich-go v0.0.0-20230917173849-4a4fb1d3c362/go.mod h1:nGaW7CGfNZnhtiFxMpc4OZdqIexGXjUlBnlmpZmjEKA=
github.com/k0swe/wsjtx-go/v4 v4.0.5 h1:g7x8GZ1TZ0zk5SeXa9VwS1JzitkWESzK6CWOdMQMRA0=
github.com/k0swe/wsjtx-go/v4 v4.0.5/go.mod h1:q1xl6us4h42tsUafJ2IDA9/v2RPtn7wUQj4zgvea984=
github.com/leemcloughlin/jdn v0.0.0-20201102080031-6f88db6a6bf2 h1:CdyD5OzAIzNFzpJ9WQRjJWj4pVRxZ9v15xdHnhvUPdw=
github.com/leemcloughlin/jdn v0.0.0-20201102080031-6f88db6a6bf2/go.mod h1:LAowglanJPLb6WYSx3D1Ht/XE54OGIr0i4mz9kdbXrs=
github.com/mazznoer/csscolorparser v0.1.3 h1:vug4zh6loQxAUxfU1DZEu70gTPufDPspamZlHAkKcxE=
github.com/mazznoer/csscolorparser v0.1.3/go.mod h1:Aj22+L/rYN/Y6bj3bYqO3N6g1dtdHtGfQ32xZ5PJQic=
gopkg.in/natefinch/npipe.v2 v2.0.0-20160621034901-c1b8fa8bdcce h1:+JknDZhAj8YMt7GC73Ei8pv4MzjDUNPHgQWJdtMAaDU=
gopkg.in/natefinch/npipe.v2 v2.0.0-20160621034901-c1b8fa8bdcce/go.mod h1:5AcXVHNjg+BDxry382+8OKon8SEWiKktQR07RKPsv1c=
